
Microsoft Visual Studio Solution File, Format Version 12.00
# Visual Studio Version 17
VisualStudioVersion = 17.4.33403.182
MinimumVisualStudioVersion = 10.0.40219.1
Project("{FAE04EC0-301F-11D3-BF4B-00C04F79EFBC}") = "task no4", "task no4\task no4.csproj", "{43C3E4F3-B8DE-4EF8-B8DE-F6846A691833}"
EndProject
Global
	GlobalSection(SolutionConfigurationPlatforms) = preSolution
		Debug|Any CPU = Debug|Any CPU
		Release|Any CPU = Release|Any CPU
	EndGlobalSection
	GlobalSection(ProjectConfigurationPlatforms) = postSolution
		{43C3E4F3-B8DE-4EF8-B8DE-F6846A691833}.Debug|Any CPU.ActiveCfg = Debug|Any CPU
		{43C3E4F3-B8DE-4EF8-B8DE-F6846A691833}.Debug|Any CPU.Build.0 = Debug|Any CPU
		{43C3E4F3-B8DE-4EF8-B8DE-F6846A691833}.Release|Any CPU.ActiveCfg = Release|Any CPU
		{43C3E4F3-B8DE-4EF8-B8DE-F6846A691833}.Release|Any CPU.Build.0 = Release|Any CPU
	EndGlobalSection
	GlobalSection(SolutionProperties) = preSolution
		HideSolutionNode = FALSE
	EndGlobalSection
	GlobalSection(ExtensibilityGlobals) = postSolution
		SolutionGuid = {CC580CE1-9735-452E-9EB5-6ECBA61D7B60}
	EndGlobalSection
EndGlobal
